<?xml version="1.0" encoding="utf-8"?>
<Project ToolsVersion="4.0" xmlns="http://schemas.microsoft.com/developer/msbuild/2003">
  <ItemGroup>
    <Filter Include="ソース ファイル">
      <UniqueIdentifier>{4FC737F1-C7A5-4376-A066-2A32D752A2FF}</UniqueIdentifier>
      <Extensions>cpp;c;cc;cxx;def;odl;idl;hpj;bat;asm;asmx</Extensions>
    </Filter>
    <Filter Include="ソース ファイル\SYSTEM">
      <UniqueIdentifier>{0601c5ed-7826-4163-be63-69396eb2ed8d}</UniqueIdentifier>
    </Filter>
    <Filter Include="ヘッダー ファイル">
      <UniqueIdentifier>{93995380-89BD-4b04-88EB-625FBE52EBFB}</UniqueIdentifier>
      <Extensions>h;hpp;hxx;hm;inl;inc;xsd</Extensions>
    </Filter>
    <Filter Include="リソース ファイル">
      <UniqueIdentifier>{67DA6AB6-F800-4c08-8B7A-83BB121AAD01}</UniqueIdentifier>
      <Extensions>rc;ico;cur;bmp;dlg;rc2;rct;bin;rgs;gif;jpg;jpeg;jpe;resx;tiff;tif;png;wav</Extensions>
    </Filter>
    <Filter Include="IEX">
      <UniqueIdentifier>{9e8d67d2-7ac9-43ab-8c7a-53c6805e2932}</UniqueIdentifier>
    </Filter>
  </ItemGroup>
  <ItemGroup>
    <ClCompile Include="IEX\IEX_2DObject.cpp">
      <Filter>IEX</Filter>
    </ClCompile>
    <ClCompile Include="IEX\IEX_3DObject.cpp">
      <Filter>IEX</Filter>
    </ClCompile>
    <ClCompile Include="IEX\IEX_Audio.cpp">
      <Filter>IEX</Filter>
    </ClCompile>
    <ClCompile Include="IEX\IEX_Direct3D.cpp">
      <Filter>IEX</Filter>
    </ClCompile>
    <ClCompile Include="IEX\IEX_Input.cpp">
      <Filter>IEX</Filter>
    </ClCompile>
    <ClCompile Include="IEX\IEX_Light.cpp">
      <Filter>IEX</Filter>
    </ClCompile>
    <ClCompile Include="IEX\IEX_Math.cpp">
      <Filter>IEX</Filter>
    </ClCompile>
    <ClCompile Include="IEX\IEX_Mesh.cpp">
      <Filter>IEX</Filter>
    </ClCompile>
    <ClCompile Include="IEX\IEX_Particle.cpp">
      <Filter>IEX</Filter>
    </ClCompile>
    <ClCompile Include="IEX\IEX_Polygon.cpp">
      <Filter>IEX</Filter>
    </ClCompile>
    <ClCompile Include="IEX\IEX_RenderState.cpp">
      <Filter>IEX</Filter>
    </ClCompile>
    <ClCompile Include="IEX\IEX_Shader.cpp">
      <Filter>IEX</Filter>
    </ClCompile>
    <ClCompile Include="IEX\IEX_SkinMesh.cpp">
      <Filter>IEX</Filter>
    </ClCompile>
    <ClCompile Include="IEX\IEX_System.cpp">
      <Filter>IEX</Filter>
    </ClCompile>
    <ClCompile Include="IEX\IEX_Texture.cpp">
      <Filter>IEX</Filter>
    </ClCompile>
    <ClCompile Include="IEX\IEX_View.cpp">
      <Filter>IEX</Filter>
    </ClCompile>
    <ClCompile Include="source\system\Framework.cpp">
      <Filter>ソース ファイル\SYSTEM</Filter>
    </ClCompile>
    <ClCompile Include="source\system\System.cpp">
      <Filter>ソース ファイル\SYSTEM</Filter>
    </ClCompile>
    <ClCompile Include="source\system\WinMain.cpp">
      <Filter>ソース ファイル\SYSTEM</Filter>
    </ClCompile>
    <ClCompile Include="source\Scene\Main\sceneMain.cpp">
      <Filter>ソース ファイル</Filter>
    </ClCompile>
    <ClCompile Include="source\Camera\Camera.cpp">
      <Filter>ソース ファイル</Filter>
    </ClCompile>
    <ClCompile Include="source\Effect\Effect.cpp">
      <Filter>ソース ファイル</Filter>
    </ClCompile>
    <ClCompile Include="source\Player\Player.cpp">
      <Filter>ソース ファイル</Filter>
    </ClCompile>
    <ClCompile Include="source\Stage\Stage.cpp">
      <Filter>ソース ファイル</Filter>
    </ClCompile>
    <ClCompile Include="source\GameManager\GameManager.cpp">
      <Filter>ソース ファイル</Filter>
    </ClCompile>
    <ClCompile Include="source\Sound\Sound.cpp">
      <Filter>ソース ファイル</Filter>
    </ClCompile>
    <ClCompile Include="source\BaseChara\BaseChara.cpp">
      <Filter>ソース ファイル</Filter>
    </ClCompile>
    <ClCompile Include="source\Scene\Title\sceneTitle.cpp">
      <Filter>ソース ファイル</Filter>
    </ClCompile>
    <ClCompile Include="source\UI\UI.cpp">
      <Filter>ソース ファイル</Filter>
    </ClCompile>
    <ClCompile Include="source\Tool\textLoader.cpp">
      <Filter>ソース ファイル</Filter>
    </ClCompile>
    <ClCompile Include="source\Scene\Result\sceneResult.cpp">
      <Filter>ソース ファイル</Filter>
    </ClCompile>
    <ClCompile Include="source\Player\Controller.cpp">
      <Filter>ソース ファイル</Filter>
    </ClCompile>
    <ClCompile Include="source\Network\Network.cpp">
      <Filter>ソース ファイル</Filter>
    </ClCompile>
    <ClCompile Include="source\Scene\sceneLoading.cpp">
      <Filter>ソース ファイル</Filter>
    </ClCompile>
    <ClCompile Include="source\Screen.cpp">
      <Filter>ソース ファイル</Filter>
    </ClCompile>
    <ClCompile Include="source\Script.cpp">
      <Filter>ソース ファイル</Filter>
    </ClCompile>
    <ClCompile Include="source\Score\DispNumber.cpp">
      <Filter>ソース ファイル</Filter>
    </ClCompile>
    <ClCompile Include="source\Score\Score.cpp">
      <Filter>ソース ファイル</Filter>
    </ClCompile>
    <ClCompile Include="source\Scene\Pause\scenePause.cpp">
      <Filter>ソース ファイル</Filter>
    </ClCompile>
    <ClCompile Include="source\NPC\AI\AI_Entity.cpp">
      <Filter>ソース ファイル</Filter>
    </ClCompile>
    <ClCompile Include="source\NPC\Enemy\NPC.cpp">
      <Filter>ソース ファイル</Filter>
    </ClCompile>
    <ClCompile Include="source\NPC\Enemy\NPCManager.cpp">
      <Filter>ソース ファイル</Filter>
    </ClCompile>
    <ClCompile Include="source\Stage\StageManager.cpp">
      <Filter>ソース ファイル</Filter>
    </ClCompile>
    <ClCompile Include="source\Scene\Multi\sceneMulti.cpp">
      <Filter>ソース ファイル</Filter>
    </ClCompile>
  </ItemGroup>
  <ItemGroup>
    <ClInclude Include="IEX\iextreme.h">
      <Filter>IEX</Filter>
    </ClInclude>
    <ClInclude Include="source\system\Framework.h">
      <Filter>ヘッダー ファイル</Filter>
    </ClInclude>
    <ClInclude Include="source\system\Scene.h">
      <Filter>ヘッダー ファイル</Filter>
    </ClInclude>
    <ClInclude Include="source\system\System.h">
      <Filter>ヘッダー ファイル</Filter>
    </ClInclude>
    <ClInclude Include="source\Sound\Sound.h">
      <Filter>ヘッダー ファイル</Filter>
    </ClInclude>
    <ClInclude Include="source\Scene\Main\sceneMain.h">
      <Filter>ヘッダー ファイル</Filter>
    </ClInclude>
    <ClInclude Include="source\Effect\Effect.h">
      <Filter>ヘッダー ファイル</Filter>
    </ClInclude>
    <ClInclude Include="source\Camera\Camera.h">
      <Filter>ヘッダー ファイル</Filter>
    </ClInclude>
    <ClInclude Include="source\GameManager\GameManager.h">
      <Filter>ヘッダー ファイル</Filter>
    </ClInclude>
    <ClInclude Include="source\Stage\Stage.h">
      <Filter>ヘッダー ファイル</Filter>
    </ClInclude>
    <ClInclude Include="source\Player\Player.h">
      <Filter>ヘッダー ファイル</Filter>
    </ClInclude>
    <ClInclude Include="source\Scene\Title\sceneTitle.h">
      <Filter>ヘッダー ファイル</Filter>
    </ClInclude>
    <ClInclude Include="source\UI\UI.h">
      <Filter>ヘッダー ファイル</Filter>
    </ClInclude>
    <ClInclude Include="source\BaseChara\BaseChara.h">
      <Filter>ヘッダー ファイル</Filter>
    </ClInclude>
    <ClInclude Include="source\Tool\textLoader.h">
      <Filter>ヘッダー ファイル</Filter>
    </ClInclude>
    <ClInclude Include="source\Scene\Result\sceneResult.h">
      <Filter>ヘッダー ファイル</Filter>
    </ClInclude>
    <ClInclude Include="source\Player\Controller.h">
      <Filter>ヘッダー ファイル</Filter>
    </ClInclude>
    <ClInclude Include="source\Network\Network.h">
      <Filter>ヘッダー ファイル</Filter>
    </ClInclude>
    <ClInclude Include="source\Scene\sceneLoading.h">
      <Filter>ヘッダー ファイル</Filter>
    </ClInclude>
    <ClInclude Include="source\Screen.h">
      <Filter>ヘッダー ファイル</Filter>
    </ClInclude>
    <ClInclude Include="source\Script.h">
      <Filter>ヘッダー ファイル</Filter>
    </ClInclude>
    <ClInclude Include="source\Score\DispNumber.h">
      <Filter>ヘッダー ファイル</Filter>
    </ClInclude>
    <ClInclude Include="source\Score\Score.h">
      <Filter>ヘッダー ファイル</Filter>
    </ClInclude>
    <ClInclude Include="source\Scene\Pause\scenePause.h">
      <Filter>ヘッダー ファイル</Filter>
    </ClInclude>
    <ClInclude Include="source\NPC\AI\AI_Entity.h">
      <Filter>ヘッダー ファイル</Filter>
    </ClInclude>
    <ClInclude Include="source\NPC\Enemy\NPC.h">
      <Filter>ヘッダー ファイル</Filter>
    </ClInclude>
    <ClInclude Include="source\NPC\Enemy\NPCManager.h">
      <Filter>ヘッダー ファイル</Filter>
    </ClInclude>
    <ClInclude Include="source\Stage\StageManager.h">
      <Filter>ヘッダー ファイル</Filter>
    </ClInclude>
    <ClInclude Include="source\Scene\Multi\sceneMulti.h">
      <Filter>ヘッダー ファイル</Filter>
    </ClInclude>
  </ItemGroup>
</Project>